Microsoft Visual Studio Solution File, Format Version 8.00
Project("{8BC9CEB8-8B4A-11D0-8D11-00A0C91BC942}") = "Test Main", "test\main\TestMain-7.1.vcproj", "{46158CAA-D675-4C20-9BC8-E72C062B1A80}"
	ProjectSection(ProjectDependencies) = postProject
		{B6A240DD-6447-475D-9299-3B51C0DAAAC7} = {B6A240DD-6447-475D-9299-3B51C0DAAAC7}
		{779651E5-CB25-4ABA-AF72-E84B3BCE0ADB} = {779651E5-CB25-4ABA-AF72-E84B3BCE0ADB}
	EndProjectSection
EndProject
Project("{8BC9CEB8-8B4A-11D0-8D11-00A0C91BC942}") = "ModAssert", "ModAssert-7.1.vcproj", "{B6A240DD-6447-475D-9299-3B51C0DAAAC7}"
	ProjectSection(ProjectDependencies) = postProject
	EndProjectSection
EndProject
Project("{8BC9CEB8-8B4A-11D0-8D11-00A0C91BC942}") = "ModAssertConsole", "console\ModAssertConsole-7.1.vcproj", "{779651E5-CB25-4ABA-AF72-E84B3BCE0ADB}"
	ProjectSection(ProjectDependencies) = postProject
	EndProjectSection
EndProject
Project("{8BC9CEB8-8B4A-11D0-8D11-00A0C91BC942}") = "ModAssertWin32", "Win32\ModAssertWin32-7.1.vcproj", "{0D5C12ED-3B24-4AF9-B3B5-D47DC87A58DE}"
	ProjectSection(ProjectDependencies) = postProject
	EndProjectSection
EndProject
Project("{8BC9CEB8-8B4A-11D0-8D11-00A0C91BC942}") = "ModAssertWxGui", "wxgui\ModAssertWxGui-7.1.vcproj", "{E8134AE2-F55D-40A1-A598-965C3136FBE8}"
	ProjectSection(ProjectDependencies) = postProject
	EndProjectSection
EndProject
Project("{8BC9CEB8-8B4A-11D0-8D11-00A0C91BC942}") = "DemoConsole", "demos\Console\DemoConsole-7.1.vcproj", "{396B0DCE-9A60-48B9-886D-1E35EDD0344D}"
	ProjectSection(ProjectDependencies) = postProject
		{B6A240DD-6447-475D-9299-3B51C0DAAAC7} = {B6A240DD-6447-475D-9299-3B51C0DAAAC7}
		{779651E5-CB25-4ABA-AF72-E84B3BCE0ADB} = {779651E5-CB25-4ABA-AF72-E84B3BCE0ADB}
	EndProjectSection
EndProject
Project("{8BC9CEB8-8B4A-11D0-8D11-00A0C91BC942}") = "DemoMFC", "demos\MFC\DemoMFC-7.1.vcproj", "{A5F73096-E0AE-418D-9A8F-572F72FCDA3B}"
	ProjectSection(ProjectDependencies) = postProject
		{B6A240DD-6447-475D-9299-3B51C0DAAAC7} = {B6A240DD-6447-475D-9299-3B51C0DAAAC7}
		{0D5C12ED-3B24-4AF9-B3B5-D47DC87A58DE} = {0D5C12ED-3B24-4AF9-B3B5-D47DC87A58DE}
	EndProjectSection
EndProject
Project("{8BC9CEB8-8B4A-11D0-8D11-00A0C91BC942}") = "DemoWin32", "demos\Win32\DemoWin32-7.1.vcproj", "{56305B67-D3A9-4034-A796-687C8F50B616}"
	ProjectSection(ProjectDependencies) = postProject
		{B6A240DD-6447-475D-9299-3B51C0DAAAC7} = {B6A240DD-6447-475D-9299-3B51C0DAAAC7}
		{0D5C12ED-3B24-4AF9-B3B5-D47DC87A58DE} = {0D5C12ED-3B24-4AF9-B3B5-D47DC87A58DE}
	EndProjectSection
EndProject
Project("{8BC9CEB8-8B4A-11D0-8D11-00A0C91BC942}") = "DemoWx", "demos\WxWidgets\DemoWx-7.1.vcproj", "{1FF2BDE9-9A30-45C4-88F6-6214FD94C328}"
	ProjectSection(ProjectDependencies) = postProject
		{B6A240DD-6447-475D-9299-3B51C0DAAAC7} = {B6A240DD-6447-475D-9299-3B51C0DAAAC7}
		{E8134AE2-F55D-40A1-A598-965C3136FBE8} = {E8134AE2-F55D-40A1-A598-965C3136FBE8}
	EndProjectSection
EndProject
Project("{8BC9CEB8-8B4A-11D0-8D11-00A0C91BC942}") = "TestNoModAssert", "test\nomodassert\NoModAssert-7.1.vcproj", "{759C8C1D-887D-4032-98E0-737C0D85491F}"
	ProjectSection(ProjectDependencies) = postProject
	EndProjectSection
EndProject
Project("{8BC9CEB8-8B4A-11D0-8D11-00A0C91BC942}") = "DemoLibInDLL", "demos\LibInDLL\DemoLibInDLL-7.1.vcproj", "{6858C274-881D-4200-990F-F0A03C5B7541}"
	ProjectSection(ProjectDependencies) = postProject
		{B6A240DD-6447-475D-9299-3B51C0DAAAC7} = {B6A240DD-6447-475D-9299-3B51C0DAAAC7}
		{779651E5-CB25-4ABA-AF72-E84B3BCE0ADB} = {779651E5-CB25-4ABA-AF72-E84B3BCE0ADB}
	EndProjectSection
EndProject
Project("{8BC9CEB8-8B4A-11D0-8D11-00A0C91BC942}") = "DemoLibInDLL_AssertionInExe", "demos\LibInDLL\DemoLibInDLL_AssertionInExe-7.1.vcproj", "{FCDA3ABF-3A28-464E-8AA0-CEAB0617D32E}"
	ProjectSection(ProjectDependencies) = postProject
		{6858C274-881D-4200-990F-F0A03C5B7541} = {6858C274-881D-4200-990F-F0A03C5B7541}
	EndProjectSection
EndProject
Project("{8BC9CEB8-8B4A-11D0-8D11-00A0C91BC942}") = "DemoLibInExe", "demos\LibInExe\DemoLibInExe-7.1.vcproj", "{2969CDE0-FE89-4B6A-881B-67148EE29908}"
	ProjectSection(ProjectDependencies) = postProject
		{F7D889EA-2BF4-4E5B-A0A2-406067750478} = {F7D889EA-2BF4-4E5B-A0A2-406067750478}
	EndProjectSection
EndProject
Project("{8BC9CEB8-8B4A-11D0-8D11-00A0C91BC942}") = "DemoLibInExe_AssertionInDLL", "demos\LibInExe\DemoLibInExe_AssertionInDll-7.1.vcproj", "{F7D889EA-2BF4-4E5B-A0A2-406067750478}"
	ProjectSection(ProjectDependencies) = postProject
		{B6A240DD-6447-475D-9299-3B51C0DAAAC7} = {B6A240DD-6447-475D-9299-3B51C0DAAAC7}
		{779651E5-CB25-4ABA-AF72-E84B3BCE0ADB} = {779651E5-CB25-4ABA-AF72-E84B3BCE0ADB}
	EndProjectSection
EndProject
Global
	GlobalSection(SolutionConfiguration) = preSolution
		DebugMT = DebugMT
		DebugMTD = DebugMTD
		DebugMTD Check = DebugMTD Check
		DebugST = DebugST
		DebugWxMTD = DebugWxMTD
		ReleaseMT = ReleaseMT
		ReleaseMTD = ReleaseMTD
		ReleaseMTD Check = ReleaseMTD Check
		ReleaseST = ReleaseST
		ReleaseWxMTD = ReleaseWxMTD
	EndGlobalSection
	GlobalSection(ProjectConfiguration) = postSolution
		{46158CAA-D675-4C20-9BC8-E72C062B1A80}.DebugMT.ActiveCfg = DebugMT|Win32
		{46158CAA-D675-4C20-9BC8-E72C062B1A80}.DebugMT.Build.0 = DebugMT|Win32
		{46158CAA-D675-4C20-9BC8-E72C062B1A80}.DebugMTD.ActiveCfg = DebugMTD|Win32
		{46158CAA-D675-4C20-9BC8-E72C062B1A80}.DebugMTD.Build.0 = DebugMTD|Win32
		{46158CAA-D675-4C20-9BC8-E72C062B1A80}.DebugMTD Check.ActiveCfg = DebugMTD|Win32
		{46158CAA-D675-4C20-9BC8-E72C062B1A80}.DebugMTD Check.Build.0 = DebugMTD|Win32
		{46158CAA-D675-4C20-9BC8-E72C062B1A80}.DebugST.ActiveCfg = DebugST|Win32
		{46158CAA-D675-4C20-9BC8-E72C062B1A80}.DebugST.Build.0 = DebugST|Win32
		{46158CAA-D675-4C20-9BC8-E72C062B1A80}.DebugWxMTD.ActiveCfg = DebugWxMTD|Win32
		{46158CAA-D675-4C20-9BC8-E72C062B1A80}.DebugWxMTD.Build.0 = DebugWxMTD|Win32
		{46158CAA-D675-4C20-9BC8-E72C062B1A80}.ReleaseMT.ActiveCfg = ReleaseMT|Win32
		{46158CAA-D675-4C20-9BC8-E72C062B1A80}.ReleaseMT.Build.0 = ReleaseMT|Win32
		{46158CAA-D675-4C20-9BC8-E72C062B1A80}.ReleaseMTD.ActiveCfg = ReleaseMTD|Win32
		{46158CAA-D675-4C20-9BC8-E72C062B1A80}.ReleaseMTD.Build.0 = ReleaseMTD|Win32
		{46158CAA-D675-4C20-9BC8-E72C062B1A80}.ReleaseMTD Check.ActiveCfg = ReleaseMTD|Win32
		{46158CAA-D675-4C20-9BC8-E72C062B1A80}.ReleaseMTD Check.Build.0 = ReleaseMTD|Win32
		{46158CAA-D675-4C20-9BC8-E72C062B1A80}.ReleaseST.ActiveCfg = ReleaseST|Win32
		{46158CAA-D675-4C20-9BC8-E72C062B1A80}.ReleaseST.Build.0 = ReleaseST|Win32
		{46158CAA-D675-4C20-9BC8-E72C062B1A80}.ReleaseWxMTD.ActiveCfg = ReleaseWxMTD|Win32
		{46158CAA-D675-4C20-9BC8-E72C062B1A80}.ReleaseWxMTD.Build.0 = ReleaseWxMTD|Win32
		{B6A240DD-6447-475D-9299-3B51C0DAAAC7}.DebugMT.ActiveCfg = DebugMT|Win32
		{B6A240DD-6447-475D-9299-3B51C0DAAAC7}.DebugMT.Build.0 = DebugMT|Win32
		{B6A240DD-6447-475D-9299-3B51C0DAAAC7}.DebugMTD.ActiveCfg = DebugMTD|Win32
		{B6A240DD-6447-475D-9299-3B51C0DAAAC7}.DebugMTD.Build.0 = DebugMTD|Win32
		{B6A240DD-6447-475D-9299-3B51C0DAAAC7}.DebugMTD Check.ActiveCfg = DebugMTD|Win32
		{B6A240DD-6447-475D-9299-3B51C0DAAAC7}.DebugMTD Check.Build.0 = DebugMTD|Win32
		{B6A240DD-6447-475D-9299-3B51C0DAAAC7}.DebugST.ActiveCfg = DebugST|Win32
		{B6A240DD-6447-475D-9299-3B51C0DAAAC7}.DebugST.Build.0 = DebugST|Win32
		{B6A240DD-6447-475D-9299-3B51C0DAAAC7}.DebugWxMTD.ActiveCfg = DebugWxMTD|Win32
		{B6A240DD-6447-475D-9299-3B51C0DAAAC7}.DebugWxMTD.Build.0 = DebugWxMTD|Win32
		{B6A240DD-6447-475D-9299-3B51C0DAAAC7}.ReleaseMT.ActiveCfg = ReleaseMT|Win32
		{B6A240DD-6447-475D-9299-3B51C0DAAAC7}.ReleaseMT.Build.0 = ReleaseMT|Win32
		{B6A240DD-6447-475D-9299-3B51C0DAAAC7}.ReleaseMTD.ActiveCfg = ReleaseMTD|Win32
		{B6A240DD-6447-475D-9299-3B51C0DAAAC7}.ReleaseMTD.Build.0 = ReleaseMTD|Win32
		{B6A240DD-6447-475D-9299-3B51C0DAAAC7}.ReleaseMTD Check.ActiveCfg = ReleaseMTD|Win32
		{B6A240DD-6447-475D-9299-3B51C0DAAAC7}.ReleaseMTD Check.Build.0 = ReleaseMTD|Win32
		{B6A240DD-6447-475D-9299-3B51C0DAAAC7}.ReleaseST.ActiveCfg = ReleaseST|Win32
		{B6A240DD-6447-475D-9299-3B51C0DAAAC7}.ReleaseST.Build.0 = ReleaseST|Win32
		{B6A240DD-6447-475D-9299-3B51C0DAAAC7}.ReleaseWxMTD.ActiveCfg = ReleaseWxMTD|Win32
		{B6A240DD-6447-475D-9299-3B51C0DAAAC7}.ReleaseWxMTD.Build.0 = ReleaseWxMTD|Win32
		{779651E5-CB25-4ABA-AF72-E84B3BCE0ADB}.DebugMT.ActiveCfg = DebugMT|Win32
		{779651E5-CB25-4ABA-AF72-E84B3BCE0ADB}.DebugMT.Build.0 = DebugMT|Win32
		{779651E5-CB25-4ABA-AF72-E84B3BCE0ADB}.DebugMTD.ActiveCfg = DebugMTD|Win32
		{779651E5-CB25-4ABA-AF72-E84B3BCE0ADB}.DebugMTD.Build.0 = DebugMTD|Win32
		{779651E5-CB25-4ABA-AF72-E84B3BCE0ADB}.DebugMTD Check.ActiveCfg = DebugMTD|Win32
		{779651E5-CB25-4ABA-AF72-E84B3BCE0ADB}.DebugMTD Check.Build.0 = DebugMTD|Win32
		{779651E5-CB25-4ABA-AF72-E84B3BCE0ADB}.DebugST.ActiveCfg = DebugST|Win32
		{779651E5-CB25-4ABA-AF72-E84B3BCE0ADB}.DebugST.Build.0 = DebugST|Win32
		{779651E5-CB25-4ABA-AF72-E84B3BCE0ADB}.DebugWxMTD.ActiveCfg = DebugWxMTD|Win32
		{779651E5-CB25-4ABA-AF72-E84B3BCE0ADB}.DebugWxMTD.Build.0 = DebugWxMTD|Win32
		{779651E5-CB25-4ABA-AF72-E84B3BCE0ADB}.ReleaseMT.ActiveCfg = ReleaseMT|Win32
		{779651E5-CB25-4ABA-AF72-E84B3BCE0ADB}.ReleaseMT.Build.0 = ReleaseMT|Win32
		{779651E5-CB25-4ABA-AF72-E84B3BCE0ADB}.ReleaseMTD.ActiveCfg = ReleaseMTD|Win32
		{779651E5-CB25-4ABA-AF72-E84B3BCE0ADB}.ReleaseMTD.Build.0 = ReleaseMTD|Win32
		{779651E5-CB25-4ABA-AF72-E84B3BCE0ADB}.ReleaseMTD Check.ActiveCfg = ReleaseMTD|Win32
		{779651E5-CB25-4ABA-AF72-E84B3BCE0ADB}.ReleaseMTD Check.Build.0 = ReleaseMTD|Win32
		{779651E5-CB25-4ABA-AF72-E84B3BCE0ADB}.ReleaseST.ActiveCfg = ReleaseST|Win32
		{779651E5-CB25-4ABA-AF72-E84B3BCE0ADB}.ReleaseST.Build.0 = ReleaseST|Win32
		{779651E5-CB25-4ABA-AF72-E84B3BCE0ADB}.ReleaseWxMTD.ActiveCfg = ReleaseWxMTD|Win32
		{779651E5-CB25-4ABA-AF72-E84B3BCE0ADB}.ReleaseWxMTD.Build.0 = ReleaseWxMTD|Win32
		{0D5C12ED-3B24-4AF9-B3B5-D47DC87A58DE}.DebugMT.ActiveCfg = DebugMT|Win32
		{0D5C12ED-3B24-4AF9-B3B5-D47DC87A58DE}.DebugMT.Build.0 = DebugMT|Win32
		{0D5C12ED-3B24-4AF9-B3B5-D47DC87A58DE}.DebugMTD.ActiveCfg = DebugMTD|Win32
		{0D5C12ED-3B24-4AF9-B3B5-D47DC87A58DE}.DebugMTD.Build.0 = DebugMTD|Win32
		{0D5C12ED-3B24-4AF9-B3B5-D47DC87A58DE}.DebugMTD Check.ActiveCfg = DebugMTD|Win32
		{0D5C12ED-3B24-4AF9-B3B5-D47DC87A58DE}.DebugMTD Check.Build.0 = DebugMTD|Win32
		{0D5C12ED-3B24-4AF9-B3B5-D47DC87A58DE}.DebugST.ActiveCfg = DebugST|Win32
		{0D5C12ED-3B24-4AF9-B3B5-D47DC87A58DE}.DebugST.Build.0 = DebugST|Win32
		{0D5C12ED-3B24-4AF9-B3B5-D47DC87A58DE}.DebugWxMTD.ActiveCfg = DebugST|Win32
		{0D5C12ED-3B24-4AF9-B3B5-D47DC87A58DE}.ReleaseMT.ActiveCfg = ReleaseMT|Win32
		{0D5C12ED-3B24-4AF9-B3B5-D47DC87A58DE}.ReleaseMT.Build.0 = ReleaseMT|Win32
		{0D5C12ED-3B24-4AF9-B3B5-D47DC87A58DE}.ReleaseMTD.ActiveCfg = ReleaseMTD|Win32
		{0D5C12ED-3B24-4AF9-B3B5-D47DC87A58DE}.ReleaseMTD.Build.0 = ReleaseMTD|Win32
		{0D5C12ED-3B24-4AF9-B3B5-D47DC87A58DE}.ReleaseMTD Check.ActiveCfg = ReleaseMTD|Win32
		{0D5C12ED-3B24-4AF9-B3B5-D47DC87A58DE}.ReleaseMTD Check.Build.0 = ReleaseMTD|Win32
		{0D5C12ED-3B24-4AF9-B3B5-D47DC87A58DE}.ReleaseST.ActiveCfg = ReleaseST|Win32
		{0D5C12ED-3B24-4AF9-B3B5-D47DC87A58DE}.ReleaseST.Build.0 = ReleaseST|Win32
		{0D5C12ED-3B24-4AF9-B3B5-D47DC87A58DE}.ReleaseWxMTD.ActiveCfg = ReleaseMT|Win32
		{E8134AE2-F55D-40A1-A598-965C3136FBE8}.DebugMT.ActiveCfg = DebugWxMTD|Win32
		{E8134AE2-F55D-40A1-A598-965C3136FBE8}.DebugMTD.ActiveCfg = DebugWxMTD|Win32
		{E8134AE2-F55D-40A1-A598-965C3136FBE8}.DebugMTD Check.ActiveCfg = DebugWxMTD|Win32
		{E8134AE2-F55D-40A1-A598-965C3136FBE8}.DebugST.ActiveCfg = DebugWxMTD|Win32
		{E8134AE2-F55D-40A1-A598-965C3136FBE8}.DebugWxMTD.ActiveCfg = DebugWxMTD|Win32
		{E8134AE2-F55D-40A1-A598-965C3136FBE8}.DebugWxMTD.Build.0 = DebugWxMTD|Win32
		{E8134AE2-F55D-40A1-A598-965C3136FBE8}.ReleaseMT.ActiveCfg = ReleaseWxMTD|Win32
		{E8134AE2-F55D-40A1-A598-965C3136FBE8}.ReleaseMTD.ActiveCfg = ReleaseWxMTD|Win32
		{E8134AE2-F55D-40A1-A598-965C3136FBE8}.ReleaseMTD Check.ActiveCfg = ReleaseWxMTD|Win32
		{E8134AE2-F55D-40A1-A598-965C3136FBE8}.ReleaseST.ActiveCfg = ReleaseWxMTD|Win32
		{E8134AE2-F55D-40A1-A598-965C3136FBE8}.ReleaseWxMTD.ActiveCfg = ReleaseWxMTD|Win32
		{E8134AE2-F55D-40A1-A598-965C3136FBE8}.ReleaseWxMTD.Build.0 = ReleaseWxMTD|Win32
		{396B0DCE-9A60-48B9-886D-1E35EDD0344D}.DebugMT.ActiveCfg = DebugMT|Win32
		{396B0DCE-9A60-48B9-886D-1E35EDD0344D}.DebugMT.Build.0 = DebugMT|Win32
		{396B0DCE-9A60-48B9-886D-1E35EDD0344D}.DebugMTD.ActiveCfg = DebugMTD|Win32
		{396B0DCE-9A60-48B9-886D-1E35EDD0344D}.DebugMTD.Build.0 = DebugMTD|Win32
		{396B0DCE-9A60-48B9-886D-1E35EDD0344D}.DebugMTD Check.ActiveCfg = DebugMTD|Win32
		{396B0DCE-9A60-48B9-886D-1E35EDD0344D}.DebugMTD Check.Build.0 = DebugMTD|Win32
		{396B0DCE-9A60-48B9-886D-1E35EDD0344D}.DebugST.ActiveCfg = DebugST|Win32
		{396B0DCE-9A60-48B9-886D-1E35EDD0344D}.DebugST.Build.0 = DebugST|Win32
		{396B0DCE-9A60-48B9-886D-1E35EDD0344D}.DebugWxMTD.ActiveCfg = DebugWxMTD|Win32
		{396B0DCE-9A60-48B9-886D-1E35EDD0344D}.DebugWxMTD.Build.0 = DebugWxMTD|Win32
		{396B0DCE-9A60-48B9-886D-1E35EDD0344D}.ReleaseMT.ActiveCfg = ReleaseMT|Win32
		{396B0DCE-9A60-48B9-886D-1E35EDD0344D}.ReleaseMT.Build.0 = ReleaseMT|Win32
		{396B0DCE-9A60-48B9-886D-1E35EDD0344D}.ReleaseMTD.ActiveCfg = ReleaseMTD|Win32
		{396B0DCE-9A60-48B9-886D-1E35EDD0344D}.ReleaseMTD.Build.0 = ReleaseMTD|Win32
		{396B0DCE-9A60-48B9-886D-1E35EDD0344D}.ReleaseMTD Check.ActiveCfg = ReleaseMTD|Win32
		{396B0DCE-9A60-48B9-886D-1E35EDD0344D}.ReleaseMTD Check.Build.0 = ReleaseMTD|Win32
		{396B0DCE-9A60-48B9-886D-1E35EDD0344D}.ReleaseST.ActiveCfg = ReleaseST|Win32
		{396B0DCE-9A60-48B9-886D-1E35EDD0344D}.ReleaseST.Build.0 = ReleaseST|Win32
		{396B0DCE-9A60-48B9-886D-1E35EDD0344D}.ReleaseWxMTD.ActiveCfg = ReleaseWxMTD|Win32
		{396B0DCE-9A60-48B9-886D-1E35EDD0344D}.ReleaseWxMTD.Build.0 = ReleaseWxMTD|Win32
		{A5F73096-E0AE-418D-9A8F-572F72FCDA3B}.DebugMT.ActiveCfg = DebugMT|Win32
		{A5F73096-E0AE-418D-9A8F-572F72FCDA3B}.DebugMT.Build.0 = DebugMT|Win32
		{A5F73096-E0AE-418D-9A8F-572F72FCDA3B}.DebugMTD.ActiveCfg = DebugMTD|Win32
		{A5F73096-E0AE-418D-9A8F-572F72FCDA3B}.DebugMTD.Build.0 = DebugMTD|Win32
		{A5F73096-E0AE-418D-9A8F-572F72FCDA3B}.DebugMTD Check.ActiveCfg = DebugMTD|Win32
		{A5F73096-E0AE-418D-9A8F-572F72FCDA3B}.DebugMTD Check.Build.0 = DebugMTD|Win32
		{A5F73096-E0AE-418D-9A8F-572F72FCDA3B}.DebugST.ActiveCfg = DebugMT|Win32
		{A5F73096-E0AE-418D-9A8F-572F72FCDA3B}.DebugWxMTD.ActiveCfg = DebugMT|Win32
		{A5F73096-E0AE-418D-9A8F-572F72FCDA3B}.ReleaseMT.ActiveCfg = ReleaseMT|Win32
		{A5F73096-E0AE-418D-9A8F-572F72FCDA3B}.ReleaseMT.Build.0 = ReleaseMT|Win32
		{A5F73096-E0AE-418D-9A8F-572F72FCDA3B}.ReleaseMTD.ActiveCfg = ReleaseMTD|Win32
		{A5F73096-E0AE-418D-9A8F-572F72FCDA3B}.ReleaseMTD.Build.0 = ReleaseMTD|Win32
		{A5F73096-E0AE-418D-9A8F-572F72FCDA3B}.ReleaseMTD Check.ActiveCfg = ReleaseMTD|Win32
		{A5F73096-E0AE-418D-9A8F-572F72FCDA3B}.ReleaseMTD Check.Build.0 = ReleaseMTD|Win32
		{A5F73096-E0AE-418D-9A8F-572F72FCDA3B}.ReleaseST.ActiveCfg = ReleaseMT|Win32
		{A5F73096-E0AE-418D-9A8F-572F72FCDA3B}.ReleaseWxMTD.ActiveCfg = ReleaseMT|Win32
		{56305B67-D3A9-4034-A796-687C8F50B616}.DebugMT.ActiveCfg = DebugMT|Win32
		{56305B67-D3A9-4034-A796-687C8F50B616}.DebugMT.Build.0 = DebugMT|Win32
		{56305B67-D3A9-4034-A796-687C8F50B616}.DebugMTD.ActiveCfg = DebugMTD|Win32
		{56305B67-D3A9-4034-A796-687C8F50B616}.DebugMTD.Build.0 = DebugMTD|Win32
		{56305B67-D3A9-4034-A796-687C8F50B616}.DebugMTD Check.ActiveCfg = DebugMTD|Win32
		{56305B67-D3A9-4034-A796-687C8F50B616}.DebugMTD Check.Build.0 = DebugMTD|Win32
		{56305B67-D3A9-4034-A796-687C8F50B616}.DebugST.ActiveCfg = DebugST|Win32
		{56305B67-D3A9-4034-A796-687C8F50B616}.DebugST.Build.0 = DebugST|Win32
		{56305B67-D3A9-4034-A796-687C8F50B616}.DebugWxMTD.ActiveCfg = DebugST|Win32
		{56305B67-D3A9-4034-A796-687C8F50B616}.ReleaseMT.ActiveCfg = ReleaseMT|Win32
		{56305B67-D3A9-4034-A796-687C8F50B616}.ReleaseMT.Build.0 = ReleaseMT|Win32
		{56305B67-D3A9-4034-A796-687C8F50B616}.ReleaseMTD.ActiveCfg = ReleaseMTD|Win32
		{56305B67-D3A9-4034-A796-687C8F50B616}.ReleaseMTD.Build.0 = ReleaseMTD|Win32
		{56305B67-D3A9-4034-A796-687C8F50B616}.ReleaseMTD Check.ActiveCfg = ReleaseMTD|Win32
		{56305B67-D3A9-4034-A796-687C8F50B616}.ReleaseMTD Check.Build.0 = ReleaseMTD|Win32
		{56305B67-D3A9-4034-A796-687C8F50B616}.ReleaseST.ActiveCfg = ReleaseST|Win32
		{56305B67-D3A9-4034-A796-687C8F50B616}.ReleaseST.Build.0 = ReleaseST|Win32
		{56305B67-D3A9-4034-A796-687C8F50B616}.ReleaseWxMTD.ActiveCfg = ReleaseMT|Win32
		{1FF2BDE9-9A30-45C4-88F6-6214FD94C328}.DebugMT.ActiveCfg = DebugWxMTD|Win32
		{1FF2BDE9-9A30-45C4-88F6-6214FD94C328}.DebugMTD.ActiveCfg = DebugWxMTD|Win32
		{1FF2BDE9-9A30-45C4-88F6-6214FD94C328}.DebugMTD Check.ActiveCfg = DebugWxMTD|Win32
		{1FF2BDE9-9A30-45C4-88F6-6214FD94C328}.DebugST.ActiveCfg = DebugWxMTD|Win32
		{1FF2BDE9-9A30-45C4-88F6-6214FD94C328}.DebugWxMTD.ActiveCfg = DebugWxMTD|Win32
		{1FF2BDE9-9A30-45C4-88F6-6214FD94C328}.DebugWxMTD.Build.0 = DebugWxMTD|Win32
		{1FF2BDE9-9A30-45C4-88F6-6214FD94C328}.ReleaseMT.ActiveCfg = ReleaseWxMTD|Win32
		{1FF2BDE9-9A30-45C4-88F6-6214FD94C328}.ReleaseMTD.ActiveCfg = ReleaseWxMTD|Win32
		{1FF2BDE9-9A30-45C4-88F6-6214FD94C328}.ReleaseMTD Check.ActiveCfg = ReleaseWxMTD|Win32
		{1FF2BDE9-9A30-45C4-88F6-6214FD94C328}.ReleaseST.ActiveCfg = ReleaseWxMTD|Win32
		{1FF2BDE9-9A30-45C4-88F6-6214FD94C328}.ReleaseWxMTD.ActiveCfg = ReleaseWxMTD|Win32
		{1FF2BDE9-9A30-45C4-88F6-6214FD94C328}.ReleaseWxMTD.Build.0 = ReleaseWxMTD|Win32
		{759C8C1D-887D-4032-98E0-737C0D85491F}.DebugMT.ActiveCfg = DebugMTD|Win32
		{759C8C1D-887D-4032-98E0-737C0D85491F}.DebugMT.Build.0 = DebugMTD|Win32
		{759C8C1D-887D-4032-98E0-737C0D85491F}.DebugMTD.ActiveCfg = DebugMTD|Win32
		{759C8C1D-887D-4032-98E0-737C0D85491F}.DebugMTD.Build.0 = DebugMTD|Win32
		{759C8C1D-887D-4032-98E0-737C0D85491F}.DebugMTD Check.ActiveCfg = DebugMTD|Win32
		{759C8C1D-887D-4032-98E0-737C0D85491F}.DebugMTD Check.Build.0 = DebugMTD|Win32
		{759C8C1D-887D-4032-98E0-737C0D85491F}.DebugST.ActiveCfg = DebugMTD|Win32
		{759C8C1D-887D-4032-98E0-737C0D85491F}.DebugWxMTD.ActiveCfg = DebugMTD|Win32
		{759C8C1D-887D-4032-98E0-737C0D85491F}.ReleaseMT.ActiveCfg = ReleaseMTD|Win32
		{759C8C1D-887D-4032-98E0-737C0D85491F}.ReleaseMTD.ActiveCfg = ReleaseMTD|Win32
		{759C8C1D-887D-4032-98E0-737C0D85491F}.ReleaseMTD.Build.0 = ReleaseMTD|Win32
		{759C8C1D-887D-4032-98E0-737C0D85491F}.ReleaseMTD Check.ActiveCfg = ReleaseMTD|Win32
		{759C8C1D-887D-4032-98E0-737C0D85491F}.ReleaseMTD Check.Build.0 = ReleaseMTD|Win32
		{759C8C1D-887D-4032-98E0-737C0D85491F}.ReleaseST.ActiveCfg = ReleaseMTD|Win32
		{759C8C1D-887D-4032-98E0-737C0D85491F}.ReleaseWxMTD.ActiveCfg = ReleaseMTD|Win32
		{6858C274-881D-4200-990F-F0A03C5B7541}.DebugMT.ActiveCfg = DebugMT|Win32
		{6858C274-881D-4200-990F-F0A03C5B7541}.DebugMT.Build.0 = DebugMT|Win32
		{6858C274-881D-4200-990F-F0A03C5B7541}.DebugMTD.ActiveCfg = DebugMTD|Win32
		{6858C274-881D-4200-990F-F0A03C5B7541}.DebugMTD.Build.0 = DebugMTD|Win32
		{6858C274-881D-4200-990F-F0A03C5B7541}.DebugMTD Check.ActiveCfg = DebugMTD|Win32
		{6858C274-881D-4200-990F-F0A03C5B7541}.DebugMTD Check.Build.0 = DebugMTD|Win32
		{6858C274-881D-4200-990F-F0A03C5B7541}.DebugST.ActiveCfg = DebugST|Win32
		{6858C274-881D-4200-990F-F0A03C5B7541}.DebugST.Build.0 = DebugST|Win32
		{6858C274-881D-4200-990F-F0A03C5B7541}.DebugWxMTD.ActiveCfg = DebugWxMTD|Win32
		{6858C274-881D-4200-990F-F0A03C5B7541}.DebugWxMTD.Build.0 = DebugWxMTD|Win32
		{6858C274-881D-4200-990F-F0A03C5B7541}.ReleaseMT.ActiveCfg = ReleaseMT|Win32
		{6858C274-881D-4200-990F-F0A03C5B7541}.ReleaseMT.Build.0 = ReleaseMT|Win32
		{6858C274-881D-4200-990F-F0A03C5B7541}.ReleaseMTD.ActiveCfg = ReleaseMTD|Win32
		{6858C274-881D-4200-990F-F0A03C5B7541}.ReleaseMTD.Build.0 = ReleaseMTD|Win32
		{6858C274-881D-4200-990F-F0A03C5B7541}.ReleaseMTD Check.ActiveCfg = ReleaseMTD|Win32
		{6858C274-881D-4200-990F-F0A03C5B7541}.ReleaseMTD Check.Build.0 = ReleaseMTD|Win32
		{6858C274-881D-4200-990F-F0A03C5B7541}.ReleaseST.ActiveCfg = ReleaseST|Win32
		{6858C274-881D-4200-990F-F0A03C5B7541}.ReleaseST.Build.0 = ReleaseST|Win32
		{6858C274-881D-4200-990F-F0A03C5B7541}.ReleaseWxMTD.ActiveCfg = ReleaseWxMTD|Win32
		{6858C274-881D-4200-990F-F0A03C5B7541}.ReleaseWxMTD.Build.0 = ReleaseWxMTD|Win32
		{FCDA3ABF-3A28-464E-8AA0-CEAB0617D32E}.DebugMT.ActiveCfg = DebugMT|Win32
		{FCDA3ABF-3A28-464E-8AA0-CEAB0617D32E}.DebugMT.Build.0 = DebugMT|Win32
		{FCDA3ABF-3A28-464E-8AA0-CEAB0617D32E}.DebugMTD.ActiveCfg = DebugMTD|Win32
		{FCDA3ABF-3A28-464E-8AA0-CEAB0617D32E}.DebugMTD.Build.0 = DebugMTD|Win32
		{FCDA3ABF-3A28-464E-8AA0-CEAB0617D32E}.DebugMTD Check.ActiveCfg = DebugMTD|Win32
		{FCDA3ABF-3A28-464E-8AA0-CEAB0617D32E}.DebugMTD Check.Build.0 = DebugMTD|Win32
		{FCDA3ABF-3A28-464E-8AA0-CEAB0617D32E}.DebugST.ActiveCfg = DebugST|Win32
		{FCDA3ABF-3A28-464E-8AA0-CEAB0617D32E}.DebugST.Build.0 = DebugST|Win32
		{FCDA3ABF-3A28-464E-8AA0-CEAB0617D32E}.DebugWxMTD.ActiveCfg = DebugWxMTD|Win32
		{FCDA3ABF-3A28-464E-8AA0-CEAB0617D32E}.DebugWxMTD.Build.0 = DebugWxMTD|Win32
		{FCDA3ABF-3A28-464E-8AA0-CEAB0617D32E}.ReleaseMT.ActiveCfg = ReleaseMT|Win32
		{FCDA3ABF-3A28-464E-8AA0-CEAB0617D32E}.ReleaseMT.Build.0 = ReleaseMT|Win32
		{FCDA3ABF-3A28-464E-8AA0-CEAB0617D32E}.ReleaseMTD.ActiveCfg = ReleaseMTD|Win32
		{FCDA3ABF-3A28-464E-8AA0-CEAB0617D32E}.ReleaseMTD.Build.0 = ReleaseMTD|Win32
		{FCDA3ABF-3A28-464E-8AA0-CEAB0617D32E}.ReleaseMTD Check.ActiveCfg = ReleaseMTD|Win32
		{FCDA3ABF-3A28-464E-8AA0-CEAB0617D32E}.ReleaseMTD Check.Build.0 = ReleaseMTD|Win32
		{FCDA3ABF-3A28-464E-8AA0-CEAB0617D32E}.ReleaseST.ActiveCfg = ReleaseST|Win32
		{FCDA3ABF-3A28-464E-8AA0-CEAB0617D32E}.ReleaseST.Build.0 = ReleaseST|Win32
		{FCDA3ABF-3A28-464E-8AA0-CEAB0617D32E}.ReleaseWxMTD.ActiveCfg = ReleaseWxMTD|Win32
		{FCDA3ABF-3A28-464E-8AA0-CEAB0617D32E}.ReleaseWxMTD.Build.0 = ReleaseWxMTD|Win32
		{2969CDE0-FE89-4B6A-881B-67148EE29908}.DebugMT.ActiveCfg = DebugMT|Win32
		{2969CDE0-FE89-4B6A-881B-67148EE29908}.DebugMT.Build.0 = DebugMT|Win32
		{2969CDE0-FE89-4B6A-881B-67148EE29908}.DebugMTD.ActiveCfg = DebugMTD|Win32
		{2969CDE0-FE89-4B6A-881B-67148EE29908}.DebugMTD.Build.0 = DebugMTD|Win32
		{2969CDE0-FE89-4B6A-881B-67148EE29908}.DebugMTD Check.ActiveCfg = DebugMTD|Win32
		{2969CDE0-FE89-4B6A-881B-67148EE29908}.DebugMTD Check.Build.0 = DebugMTD|Win32
		{2969CDE0-FE89-4B6A-881B-67148EE29908}.DebugST.ActiveCfg = DebugST|Win32
		{2969CDE0-FE89-4B6A-881B-67148EE29908}.DebugST.Build.0 = DebugST|Win32
		{2969CDE0-FE89-4B6A-881B-67148EE29908}.DebugWxMTD.ActiveCfg = DebugWxMTD|Win32
		{2969CDE0-FE89-4B6A-881B-67148EE29908}.DebugWxMTD.Build.0 = DebugWxMTD|Win32
		{2969CDE0-FE89-4B6A-881B-67148EE29908}.ReleaseMT.ActiveCfg = ReleaseMT|Win32
		{2969CDE0-FE89-4B6A-881B-67148EE29908}.ReleaseMT.Build.0 = ReleaseMT|Win32
		{2969CDE0-FE89-4B6A-881B-67148EE29908}.ReleaseMTD.ActiveCfg = ReleaseMTD|Win32
		{2969CDE0-FE89-4B6A-881B-67148EE29908}.ReleaseMTD.Build.0 = ReleaseMTD|Win32
		{2969CDE0-FE89-4B6A-881B-67148EE29908}.ReleaseMTD Check.ActiveCfg = ReleaseMTD|Win32
		{2969CDE0-FE89-4B6A-881B-67148EE29908}.ReleaseMTD Check.Build.0 = ReleaseMTD|Win32
		{2969CDE0-FE89-4B6A-881B-67148EE29908}.ReleaseST.ActiveCfg = ReleaseST|Win32
		{2969CDE0-FE89-4B6A-881B-67148EE29908}.ReleaseST.Build.0 = ReleaseST|Win32
		{2969CDE0-FE89-4B6A-881B-67148EE29908}.ReleaseWxMTD.ActiveCfg = ReleaseWxMTD|Win32
		{2969CDE0-FE89-4B6A-881B-67148EE29908}.ReleaseWxMTD.Build.0 = ReleaseWxMTD|Win32
		{F7D889EA-2BF4-4E5B-A0A2-406067750478}.DebugMT.ActiveCfg = DebugMT|Win32
		{F7D889EA-2BF4-4E5B-A0A2-406067750478}.DebugMT.Build.0 = DebugMT|Win32
		{F7D889EA-2BF4-4E5B-A0A2-406067750478}.DebugMTD.ActiveCfg = DebugMTD|Win32
		{F7D889EA-2BF4-4E5B-A0A2-406067750478}.DebugMTD.Build.0 = DebugMTD|Win32
		{F7D889EA-2BF4-4E5B-A0A2-406067750478}.DebugMTD Check.ActiveCfg = DebugMTD|Win32
		{F7D889EA-2BF4-4E5B-A0A2-406067750478}.DebugMTD Check.Build.0 = DebugMTD|Win32
		{F7D889EA-2BF4-4E5B-A0A2-406067750478}.DebugST.ActiveCfg = DebugST|Win32
		{F7D889EA-2BF4-4E5B-A0A2-406067750478}.DebugST.Build.0 = DebugST|Win32
		{F7D889EA-2BF4-4E5B-A0A2-406067750478}.DebugWxMTD.ActiveCfg = DebugWxMTD|Win32
		{F7D889EA-2BF4-4E5B-A0A2-406067750478}.DebugWxMTD.Build.0 = DebugWxMTD|Win32
		{F7D889EA-2BF4-4E5B-A0A2-406067750478}.ReleaseMT.ActiveCfg = ReleaseMT|Win32
		{F7D889EA-2BF4-4E5B-A0A2-406067750478}.ReleaseMT.Build.0 = ReleaseMT|Win32
		{F7D889EA-2BF4-4E5B-A0A2-406067750478}.ReleaseMTD.ActiveCfg = ReleaseMTD|Win32
		{F7D889EA-2BF4-4E5B-A0A2-406067750478}.ReleaseMTD.Build.0 = ReleaseMTD|Win32
		{F7D889EA-2BF4-4E5B-A0A2-406067750478}.ReleaseMTD Check.ActiveCfg = ReleaseMTD|Win32
		{F7D889EA-2BF4-4E5B-A0A2-406067750478}.ReleaseMTD Check.Build.0 = ReleaseMTD|Win32
		{F7D889EA-2BF4-4E5B-A0A2-406067750478}.ReleaseST.ActiveCfg = ReleaseST|Win32
		{F7D889EA-2BF4-4E5B-A0A2-406067750478}.ReleaseST.Build.0 = ReleaseST|Win32
		{F7D889EA-2BF4-4E5B-A0A2-406067750478}.ReleaseWxMTD.ActiveCfg = ReleaseWxMTD|Win32
		{F7D889EA-2BF4-4E5B-A0A2-406067750478}.ReleaseWxMTD.Build.0 = ReleaseWxMTD|Win32
	EndGlobalSection
	GlobalSection(ExtensibilityGlobals) = postSolution
	EndGlobalSection
	GlobalSection(ExtensibilityAddIns) = postSolution
	EndGlobalSection
EndGlobal
