Microsoft Visual Studio Solution File, Format Version 10.00
# Visual Studio 2008
Project("{8BC9CEB8-8B4A-11D0-8D11-00A0C91BC942}") = "ModAssertWin32", "Win32\ModAssertWin32-9.0.vcproj", "{0D5C12ED-3B24-4AF9-B3B5-D47DC87A58DE}"
EndProject
Project("{8BC9CEB8-8B4A-11D0-8D11-00A0C91BC942}") = "ModAssertWxGui", "wxgui\ModAssertWxGui-9.0.vcproj", "{E8134AE2-F55D-40A1-A598-965C3136FBE8}"
EndProject
Project("{8BC9CEB8-8B4A-11D0-8D11-00A0C91BC942}") = "DemoWin32", "demos\Win32\DemoWin32-9.0.vcproj", "{9083D774-8C74-405D-ACFC-E3A9F2CCF16B}"
	ProjectSection(ProjectDependencies) = postProject
		{C3DB4126-7F27-45F3-B415-C437AA7D109F} = {C3DB4126-7F27-45F3-B415-C437AA7D109F}
		{0D5C12ED-3B24-4AF9-B3B5-D47DC87A58DE} = {0D5C12ED-3B24-4AF9-B3B5-D47DC87A58DE}
	EndProjectSection
EndProject
Project("{8BC9CEB8-8B4A-11D0-8D11-00A0C91BC942}") = "ModAssert", "ModAssert-9.0.vcproj", "{C3DB4126-7F27-45F3-B415-C437AA7D109F}"
EndProject
Project("{8BC9CEB8-8B4A-11D0-8D11-00A0C91BC942}") = "Test Main", "test\main\TestMain-9.0.vcproj", "{EE211AE8-D316-4CA9-8FFA-8D99A16B2E54}"
	ProjectSection(ProjectDependencies) = postProject
		{C3DB4126-7F27-45F3-B415-C437AA7D109F} = {C3DB4126-7F27-45F3-B415-C437AA7D109F}
		{779651E5-CB25-4ABA-AF72-E84B3BCE0ADB} = {779651E5-CB25-4ABA-AF72-E84B3BCE0ADB}
	EndProjectSection
EndProject
Project("{8BC9CEB8-8B4A-11D0-8D11-00A0C91BC942}") = "TestNoModAssert", "test\nomodassert\NoModAssert-9.0.vcproj", "{DA5CC1CF-248F-404C-A182-E21766A6C177}"
	ProjectSection(ProjectDependencies) = postProject
		{C3DB4126-7F27-45F3-B415-C437AA7D109F} = {C3DB4126-7F27-45F3-B415-C437AA7D109F}
	EndProjectSection
EndProject
Project("{8BC9CEB8-8B4A-11D0-8D11-00A0C91BC942}") = "ModAssertConsole", "console\ModAssertConsole-9.0.vcproj", "{779651E5-CB25-4ABA-AF72-E84B3BCE0ADB}"
EndProject
Project("{8BC9CEB8-8B4A-11D0-8D11-00A0C91BC942}") = "DemoConsole", "demos\Console\DemoConsole-9.0.vcproj", "{772D972A-EEDB-4F5C-BF38-FE5090893C6A}"
	ProjectSection(ProjectDependencies) = postProject
		{C3DB4126-7F27-45F3-B415-C437AA7D109F} = {C3DB4126-7F27-45F3-B415-C437AA7D109F}
		{779651E5-CB25-4ABA-AF72-E84B3BCE0ADB} = {779651E5-CB25-4ABA-AF72-E84B3BCE0ADB}
	EndProjectSection
EndProject
Project("{8BC9CEB8-8B4A-11D0-8D11-00A0C91BC942}") = "DemoMFC", "demos\MFC\DemoMFC-9.0.vcproj", "{6BCA8A15-37DA-4399-B67F-73844A87ED25}"
	ProjectSection(ProjectDependencies) = postProject
		{C3DB4126-7F27-45F3-B415-C437AA7D109F} = {C3DB4126-7F27-45F3-B415-C437AA7D109F}
		{0D5C12ED-3B24-4AF9-B3B5-D47DC87A58DE} = {0D5C12ED-3B24-4AF9-B3B5-D47DC87A58DE}
	EndProjectSection
EndProject
Project("{8BC9CEB8-8B4A-11D0-8D11-00A0C91BC942}") = "DemoWx", "demos\WxWidgets\DemoWx-9.0.vcproj", "{9064A9A0-4911-4862-88A2-36032F7B9161}"
	ProjectSection(ProjectDependencies) = postProject
		{C3DB4126-7F27-45F3-B415-C437AA7D109F} = {C3DB4126-7F27-45F3-B415-C437AA7D109F}
		{E8134AE2-F55D-40A1-A598-965C3136FBE8} = {E8134AE2-F55D-40A1-A598-965C3136FBE8}
	EndProjectSection
EndProject
Project("{8BC9CEB8-8B4A-11D0-8D11-00A0C91BC942}") = "DemoLibInDLL", "demos\LibInDLL\DemoLibInDLL-9.0.vcproj", "{24FF9BD4-DFF1-4E5F-8907-0BDADF9F5885}"
	ProjectSection(ProjectDependencies) = postProject
		{C3DB4126-7F27-45F3-B415-C437AA7D109F} = {C3DB4126-7F27-45F3-B415-C437AA7D109F}
		{779651E5-CB25-4ABA-AF72-E84B3BCE0ADB} = {779651E5-CB25-4ABA-AF72-E84B3BCE0ADB}
	EndProjectSection
EndProject
Project("{8BC9CEB8-8B4A-11D0-8D11-00A0C91BC942}") = "DemoLibInDLL_AssertionInExe", "demos\LibInDLL\DemoLibInDLL_AssertionInExe-9.0.vcproj", "{12943A8D-600C-43CA-8801-83872E4AC544}"
	ProjectSection(ProjectDependencies) = postProject
		{24FF9BD4-DFF1-4E5F-8907-0BDADF9F5885} = {24FF9BD4-DFF1-4E5F-8907-0BDADF9F5885}
	EndProjectSection
EndProject
Project("{8BC9CEB8-8B4A-11D0-8D11-00A0C91BC942}") = "DemoLibInExe", "demos\LibInExe\DemoLibInExe-9.0.vcproj", "{528250D7-DCCB-4039-8347-A4552D2A1A45}"
	ProjectSection(ProjectDependencies) = postProject
		{56F4E5CE-046B-46F7-9909-219D9944AB72} = {56F4E5CE-046B-46F7-9909-219D9944AB72}
	EndProjectSection
EndProject
Project("{8BC9CEB8-8B4A-11D0-8D11-00A0C91BC942}") = "DemoLibInExe_AssertionInDLL", "demos\LibInExe\DemoLibInExe_AssertionInDll-9.0.vcproj", "{56F4E5CE-046B-46F7-9909-219D9944AB72}"
	ProjectSection(ProjectDependencies) = postProject
		{C3DB4126-7F27-45F3-B415-C437AA7D109F} = {C3DB4126-7F27-45F3-B415-C437AA7D109F}
		{779651E5-CB25-4ABA-AF72-E84B3BCE0ADB} = {779651E5-CB25-4ABA-AF72-E84B3BCE0ADB}
	EndProjectSection
EndProject
Global
	GlobalSection(SolutionConfigurationPlatforms) = preSolution
		DebugMT|Win32 = DebugMT|Win32
		DebugMTD|Win32 = DebugMTD|Win32
		DebugWxMTD|Win32 = DebugWxMTD|Win32
		ReleaseMT|Win32 = ReleaseMT|Win32
		ReleaseMTD|Win32 = ReleaseMTD|Win32
		ReleaseWxMTD|Win32 = ReleaseWxMTD|Win32
	EndGlobalSection
	GlobalSection(ProjectConfigurationPlatforms) = postSolution
		{0D5C12ED-3B24-4AF9-B3B5-D47DC87A58DE}.DebugMT|Win32.ActiveCfg = DebugMT|Win32
		{0D5C12ED-3B24-4AF9-B3B5-D47DC87A58DE}.DebugMT|Win32.Build.0 = DebugMT|Win32
		{0D5C12ED-3B24-4AF9-B3B5-D47DC87A58DE}.DebugMTD|Win32.ActiveCfg = DebugMTD|Win32
		{0D5C12ED-3B24-4AF9-B3B5-D47DC87A58DE}.DebugMTD|Win32.Build.0 = DebugMTD|Win32
		{0D5C12ED-3B24-4AF9-B3B5-D47DC87A58DE}.DebugWxMTD|Win32.ActiveCfg = ReleaseMT|Win32
		{0D5C12ED-3B24-4AF9-B3B5-D47DC87A58DE}.ReleaseMT|Win32.ActiveCfg = ReleaseMT|Win32
		{0D5C12ED-3B24-4AF9-B3B5-D47DC87A58DE}.ReleaseMT|Win32.Build.0 = ReleaseMT|Win32
		{0D5C12ED-3B24-4AF9-B3B5-D47DC87A58DE}.ReleaseMTD|Win32.ActiveCfg = ReleaseMTD|Win32
		{0D5C12ED-3B24-4AF9-B3B5-D47DC87A58DE}.ReleaseMTD|Win32.Build.0 = ReleaseMTD|Win32
		{0D5C12ED-3B24-4AF9-B3B5-D47DC87A58DE}.ReleaseWxMTD|Win32.ActiveCfg = DebugMT|Win32
		{E8134AE2-F55D-40A1-A598-965C3136FBE8}.DebugMT|Win32.ActiveCfg = DebugWxMTD|Win32
		{E8134AE2-F55D-40A1-A598-965C3136FBE8}.DebugMTD|Win32.ActiveCfg = DebugWxMTD|Win32
		{E8134AE2-F55D-40A1-A598-965C3136FBE8}.DebugWxMTD|Win32.ActiveCfg = DebugWxMTD|Win32
		{E8134AE2-F55D-40A1-A598-965C3136FBE8}.DebugWxMTD|Win32.Build.0 = DebugWxMTD|Win32
		{E8134AE2-F55D-40A1-A598-965C3136FBE8}.ReleaseMT|Win32.ActiveCfg = ReleaseWxMTD|Win32
		{E8134AE2-F55D-40A1-A598-965C3136FBE8}.ReleaseMTD|Win32.ActiveCfg = ReleaseWxMTD|Win32
		{E8134AE2-F55D-40A1-A598-965C3136FBE8}.ReleaseWxMTD|Win32.ActiveCfg = ReleaseWxMTD|Win32
		{E8134AE2-F55D-40A1-A598-965C3136FBE8}.ReleaseWxMTD|Win32.Build.0 = ReleaseWxMTD|Win32
		{9083D774-8C74-405D-ACFC-E3A9F2CCF16B}.DebugMT|Win32.ActiveCfg = DebugMT|Win32
		{9083D774-8C74-405D-ACFC-E3A9F2CCF16B}.DebugMT|Win32.Build.0 = DebugMT|Win32
		{9083D774-8C74-405D-ACFC-E3A9F2CCF16B}.DebugMTD|Win32.ActiveCfg = DebugMTD|Win32
		{9083D774-8C74-405D-ACFC-E3A9F2CCF16B}.DebugMTD|Win32.Build.0 = DebugMTD|Win32
		{9083D774-8C74-405D-ACFC-E3A9F2CCF16B}.DebugWxMTD|Win32.ActiveCfg = ReleaseMT|Win32
		{9083D774-8C74-405D-ACFC-E3A9F2CCF16B}.ReleaseMT|Win32.ActiveCfg = ReleaseMT|Win32
		{9083D774-8C74-405D-ACFC-E3A9F2CCF16B}.ReleaseMT|Win32.Build.0 = ReleaseMT|Win32
		{9083D774-8C74-405D-ACFC-E3A9F2CCF16B}.ReleaseMTD|Win32.ActiveCfg = ReleaseMTD|Win32
		{9083D774-8C74-405D-ACFC-E3A9F2CCF16B}.ReleaseMTD|Win32.Build.0 = ReleaseMTD|Win32
		{9083D774-8C74-405D-ACFC-E3A9F2CCF16B}.ReleaseWxMTD|Win32.ActiveCfg = DebugMT|Win32
		{C3DB4126-7F27-45F3-B415-C437AA7D109F}.DebugMT|Win32.ActiveCfg = DebugMT|Win32
		{C3DB4126-7F27-45F3-B415-C437AA7D109F}.DebugMT|Win32.Build.0 = DebugMT|Win32
		{C3DB4126-7F27-45F3-B415-C437AA7D109F}.DebugMTD|Win32.ActiveCfg = DebugMTD|Win32
		{C3DB4126-7F27-45F3-B415-C437AA7D109F}.DebugMTD|Win32.Build.0 = DebugMTD|Win32
		{C3DB4126-7F27-45F3-B415-C437AA7D109F}.DebugWxMTD|Win32.ActiveCfg = DebugWxMTD|Win32
		{C3DB4126-7F27-45F3-B415-C437AA7D109F}.DebugWxMTD|Win32.Build.0 = DebugWxMTD|Win32
		{C3DB4126-7F27-45F3-B415-C437AA7D109F}.ReleaseMT|Win32.ActiveCfg = ReleaseMT|Win32
		{C3DB4126-7F27-45F3-B415-C437AA7D109F}.ReleaseMT|Win32.Build.0 = ReleaseMT|Win32
		{C3DB4126-7F27-45F3-B415-C437AA7D109F}.ReleaseMTD|Win32.ActiveCfg = ReleaseMTD|Win32
		{C3DB4126-7F27-45F3-B415-C437AA7D109F}.ReleaseMTD|Win32.Build.0 = ReleaseMTD|Win32
		{C3DB4126-7F27-45F3-B415-C437AA7D109F}.ReleaseWxMTD|Win32.ActiveCfg = ReleaseWxMTD|Win32
		{C3DB4126-7F27-45F3-B415-C437AA7D109F}.ReleaseWxMTD|Win32.Build.0 = ReleaseWxMTD|Win32
		{EE211AE8-D316-4CA9-8FFA-8D99A16B2E54}.DebugMT|Win32.ActiveCfg = DebugMT|Win32
		{EE211AE8-D316-4CA9-8FFA-8D99A16B2E54}.DebugMT|Win32.Build.0 = DebugMT|Win32
		{EE211AE8-D316-4CA9-8FFA-8D99A16B2E54}.DebugMTD|Win32.ActiveCfg = DebugMTD|Win32
		{EE211AE8-D316-4CA9-8FFA-8D99A16B2E54}.DebugMTD|Win32.Build.0 = DebugMTD|Win32
		{EE211AE8-D316-4CA9-8FFA-8D99A16B2E54}.DebugWxMTD|Win32.ActiveCfg = DebugWxMTD|Win32
		{EE211AE8-D316-4CA9-8FFA-8D99A16B2E54}.DebugWxMTD|Win32.Build.0 = DebugWxMTD|Win32
		{EE211AE8-D316-4CA9-8FFA-8D99A16B2E54}.ReleaseMT|Win32.ActiveCfg = ReleaseMT|Win32
		{EE211AE8-D316-4CA9-8FFA-8D99A16B2E54}.ReleaseMT|Win32.Build.0 = ReleaseMT|Win32
		{EE211AE8-D316-4CA9-8FFA-8D99A16B2E54}.ReleaseMTD|Win32.ActiveCfg = ReleaseMTD|Win32
		{EE211AE8-D316-4CA9-8FFA-8D99A16B2E54}.ReleaseMTD|Win32.Build.0 = ReleaseMTD|Win32
		{EE211AE8-D316-4CA9-8FFA-8D99A16B2E54}.ReleaseWxMTD|Win32.ActiveCfg = ReleaseWxMTD|Win32
		{EE211AE8-D316-4CA9-8FFA-8D99A16B2E54}.ReleaseWxMTD|Win32.Build.0 = ReleaseWxMTD|Win32
		{DA5CC1CF-248F-404C-A182-E21766A6C177}.DebugMT|Win32.ActiveCfg = DebugMT|Win32
		{DA5CC1CF-248F-404C-A182-E21766A6C177}.DebugMT|Win32.Build.0 = DebugMT|Win32
		{DA5CC1CF-248F-404C-A182-E21766A6C177}.DebugMTD|Win32.ActiveCfg = DebugMTD|Win32
		{DA5CC1CF-248F-404C-A182-E21766A6C177}.DebugMTD|Win32.Build.0 = DebugMTD|Win32
		{DA5CC1CF-248F-404C-A182-E21766A6C177}.DebugWxMTD|Win32.ActiveCfg = DebugMTD|Win32
		{DA5CC1CF-248F-404C-A182-E21766A6C177}.ReleaseMT|Win32.ActiveCfg = ReleaseMT|Win32
		{DA5CC1CF-248F-404C-A182-E21766A6C177}.ReleaseMT|Win32.Build.0 = ReleaseMT|Win32
		{DA5CC1CF-248F-404C-A182-E21766A6C177}.ReleaseMTD|Win32.ActiveCfg = ReleaseMTD|Win32
		{DA5CC1CF-248F-404C-A182-E21766A6C177}.ReleaseMTD|Win32.Build.0 = ReleaseMTD|Win32
		{DA5CC1CF-248F-404C-A182-E21766A6C177}.ReleaseWxMTD|Win32.ActiveCfg = ReleaseMTD|Win32
		{779651E5-CB25-4ABA-AF72-E84B3BCE0ADB}.DebugMT|Win32.ActiveCfg = DebugMT|Win32
		{779651E5-CB25-4ABA-AF72-E84B3BCE0ADB}.DebugMT|Win32.Build.0 = DebugMT|Win32
		{779651E5-CB25-4ABA-AF72-E84B3BCE0ADB}.DebugMTD|Win32.ActiveCfg = DebugMTD|Win32
		{779651E5-CB25-4ABA-AF72-E84B3BCE0ADB}.DebugMTD|Win32.Build.0 = DebugMTD|Win32
		{779651E5-CB25-4ABA-AF72-E84B3BCE0ADB}.DebugWxMTD|Win32.ActiveCfg = DebugWxMTD|Win32
		{779651E5-CB25-4ABA-AF72-E84B3BCE0ADB}.DebugWxMTD|Win32.Build.0 = DebugWxMTD|Win32
		{779651E5-CB25-4ABA-AF72-E84B3BCE0ADB}.ReleaseMT|Win32.ActiveCfg = ReleaseMT|Win32
		{779651E5-CB25-4ABA-AF72-E84B3BCE0ADB}.ReleaseMT|Win32.Build.0 = ReleaseMT|Win32
		{779651E5-CB25-4ABA-AF72-E84B3BCE0ADB}.ReleaseMTD|Win32.ActiveCfg = ReleaseMTD|Win32
		{779651E5-CB25-4ABA-AF72-E84B3BCE0ADB}.ReleaseMTD|Win32.Build.0 = ReleaseMTD|Win32
		{779651E5-CB25-4ABA-AF72-E84B3BCE0ADB}.ReleaseWxMTD|Win32.ActiveCfg = ReleaseWxMTD|Win32
		{779651E5-CB25-4ABA-AF72-E84B3BCE0ADB}.ReleaseWxMTD|Win32.Build.0 = ReleaseWxMTD|Win32
		{772D972A-EEDB-4F5C-BF38-FE5090893C6A}.DebugMT|Win32.ActiveCfg = DebugMT|Win32
		{772D972A-EEDB-4F5C-BF38-FE5090893C6A}.DebugMT|Win32.Build.0 = DebugMT|Win32
		{772D972A-EEDB-4F5C-BF38-FE5090893C6A}.DebugMTD|Win32.ActiveCfg = DebugMTD|Win32
		{772D972A-EEDB-4F5C-BF38-FE5090893C6A}.DebugMTD|Win32.Build.0 = DebugMTD|Win32
		{772D972A-EEDB-4F5C-BF38-FE5090893C6A}.DebugWxMTD|Win32.ActiveCfg = DebugWxMTD|Win32
		{772D972A-EEDB-4F5C-BF38-FE5090893C6A}.DebugWxMTD|Win32.Build.0 = DebugWxMTD|Win32
		{772D972A-EEDB-4F5C-BF38-FE5090893C6A}.ReleaseMT|Win32.ActiveCfg = ReleaseMT|Win32
		{772D972A-EEDB-4F5C-BF38-FE5090893C6A}.ReleaseMT|Win32.Build.0 = ReleaseMT|Win32
		{772D972A-EEDB-4F5C-BF38-FE5090893C6A}.ReleaseMTD|Win32.ActiveCfg = ReleaseMTD|Win32
		{772D972A-EEDB-4F5C-BF38-FE5090893C6A}.ReleaseMTD|Win32.Build.0 = ReleaseMTD|Win32
		{772D972A-EEDB-4F5C-BF38-FE5090893C6A}.ReleaseWxMTD|Win32.ActiveCfg = ReleaseWxMTD|Win32
		{772D972A-EEDB-4F5C-BF38-FE5090893C6A}.ReleaseWxMTD|Win32.Build.0 = ReleaseWxMTD|Win32
		{6BCA8A15-37DA-4399-B67F-73844A87ED25}.DebugMT|Win32.ActiveCfg = DebugMT|Win32
		{6BCA8A15-37DA-4399-B67F-73844A87ED25}.DebugMT|Win32.Build.0 = DebugMT|Win32
		{6BCA8A15-37DA-4399-B67F-73844A87ED25}.DebugMTD|Win32.ActiveCfg = DebugMTD|Win32
		{6BCA8A15-37DA-4399-B67F-73844A87ED25}.DebugMTD|Win32.Build.0 = DebugMTD|Win32
		{6BCA8A15-37DA-4399-B67F-73844A87ED25}.DebugWxMTD|Win32.ActiveCfg = DebugMTD|Win32
		{6BCA8A15-37DA-4399-B67F-73844A87ED25}.ReleaseMT|Win32.ActiveCfg = ReleaseMT|Win32
		{6BCA8A15-37DA-4399-B67F-73844A87ED25}.ReleaseMT|Win32.Build.0 = ReleaseMT|Win32
		{6BCA8A15-37DA-4399-B67F-73844A87ED25}.ReleaseMTD|Win32.ActiveCfg = ReleaseMTD|Win32
		{6BCA8A15-37DA-4399-B67F-73844A87ED25}.ReleaseMTD|Win32.Build.0 = ReleaseMTD|Win32
		{6BCA8A15-37DA-4399-B67F-73844A87ED25}.ReleaseWxMTD|Win32.ActiveCfg = ReleaseMTD|Win32
		{9064A9A0-4911-4862-88A2-36032F7B9161}.DebugMT|Win32.ActiveCfg = DebugWxMT|Win32
		{9064A9A0-4911-4862-88A2-36032F7B9161}.DebugMTD|Win32.ActiveCfg = DebugWxMT|Win32
		{9064A9A0-4911-4862-88A2-36032F7B9161}.DebugWxMTD|Win32.ActiveCfg = DebugWxMTD|Win32
		{9064A9A0-4911-4862-88A2-36032F7B9161}.DebugWxMTD|Win32.Build.0 = DebugWxMTD|Win32
		{9064A9A0-4911-4862-88A2-36032F7B9161}.ReleaseMT|Win32.ActiveCfg = ReleaseWxMT|Win32
		{9064A9A0-4911-4862-88A2-36032F7B9161}.ReleaseMTD|Win32.ActiveCfg = ReleaseWxMT|Win32
		{9064A9A0-4911-4862-88A2-36032F7B9161}.ReleaseWxMTD|Win32.ActiveCfg = ReleaseWxMTD|Win32
		{9064A9A0-4911-4862-88A2-36032F7B9161}.ReleaseWxMTD|Win32.Build.0 = ReleaseWxMTD|Win32
		{24FF9BD4-DFF1-4E5F-8907-0BDADF9F5885}.DebugMT|Win32.ActiveCfg = DebugMT|Win32
		{24FF9BD4-DFF1-4E5F-8907-0BDADF9F5885}.DebugMT|Win32.Build.0 = DebugMT|Win32
		{24FF9BD4-DFF1-4E5F-8907-0BDADF9F5885}.DebugMTD|Win32.ActiveCfg = DebugMTD|Win32
		{24FF9BD4-DFF1-4E5F-8907-0BDADF9F5885}.DebugMTD|Win32.Build.0 = DebugMTD|Win32
		{24FF9BD4-DFF1-4E5F-8907-0BDADF9F5885}.DebugWxMTD|Win32.ActiveCfg = DebugWxMTD|Win32
		{24FF9BD4-DFF1-4E5F-8907-0BDADF9F5885}.DebugWxMTD|Win32.Build.0 = DebugWxMTD|Win32
		{24FF9BD4-DFF1-4E5F-8907-0BDADF9F5885}.ReleaseMT|Win32.ActiveCfg = ReleaseMT|Win32
		{24FF9BD4-DFF1-4E5F-8907-0BDADF9F5885}.ReleaseMT|Win32.Build.0 = ReleaseMT|Win32
		{24FF9BD4-DFF1-4E5F-8907-0BDADF9F5885}.ReleaseMTD|Win32.ActiveCfg = ReleaseMTD|Win32
		{24FF9BD4-DFF1-4E5F-8907-0BDADF9F5885}.ReleaseMTD|Win32.Build.0 = ReleaseMTD|Win32
		{24FF9BD4-DFF1-4E5F-8907-0BDADF9F5885}.ReleaseWxMTD|Win32.ActiveCfg = ReleaseWxMTD|Win32
		{24FF9BD4-DFF1-4E5F-8907-0BDADF9F5885}.ReleaseWxMTD|Win32.Build.0 = ReleaseWxMTD|Win32
		{12943A8D-600C-43CA-8801-83872E4AC544}.DebugMT|Win32.ActiveCfg = DebugMT|Win32
		{12943A8D-600C-43CA-8801-83872E4AC544}.DebugMT|Win32.Build.0 = DebugMT|Win32
		{12943A8D-600C-43CA-8801-83872E4AC544}.DebugMTD|Win32.ActiveCfg = DebugMTD|Win32
		{12943A8D-600C-43CA-8801-83872E4AC544}.DebugMTD|Win32.Build.0 = DebugMTD|Win32
		{12943A8D-600C-43CA-8801-83872E4AC544}.DebugWxMTD|Win32.ActiveCfg = DebugWxMTD|Win32
		{12943A8D-600C-43CA-8801-83872E4AC544}.DebugWxMTD|Win32.Build.0 = DebugWxMTD|Win32
		{12943A8D-600C-43CA-8801-83872E4AC544}.ReleaseMT|Win32.ActiveCfg = ReleaseMT|Win32
		{12943A8D-600C-43CA-8801-83872E4AC544}.ReleaseMT|Win32.Build.0 = ReleaseMT|Win32
		{12943A8D-600C-43CA-8801-83872E4AC544}.ReleaseMTD|Win32.ActiveCfg = ReleaseMTD|Win32
		{12943A8D-600C-43CA-8801-83872E4AC544}.ReleaseMTD|Win32.Build.0 = ReleaseMTD|Win32
		{12943A8D-600C-43CA-8801-83872E4AC544}.ReleaseWxMTD|Win32.ActiveCfg = ReleaseWxMTD|Win32
		{12943A8D-600C-43CA-8801-83872E4AC544}.ReleaseWxMTD|Win32.Build.0 = ReleaseWxMTD|Win32
		{528250D7-DCCB-4039-8347-A4552D2A1A45}.DebugMT|Win32.ActiveCfg = DebugMT|Win32
		{528250D7-DCCB-4039-8347-A4552D2A1A45}.DebugMT|Win32.Build.0 = DebugMT|Win32
		{528250D7-DCCB-4039-8347-A4552D2A1A45}.DebugMTD|Win32.ActiveCfg = DebugMTD|Win32
		{528250D7-DCCB-4039-8347-A4552D2A1A45}.DebugMTD|Win32.Build.0 = DebugMTD|Win32
		{528250D7-DCCB-4039-8347-A4552D2A1A45}.DebugWxMTD|Win32.ActiveCfg = DebugWxMTD|Win32
		{528250D7-DCCB-4039-8347-A4552D2A1A45}.DebugWxMTD|Win32.Build.0 = DebugWxMTD|Win32
		{528250D7-DCCB-4039-8347-A4552D2A1A45}.ReleaseMT|Win32.ActiveCfg = ReleaseMT|Win32
		{528250D7-DCCB-4039-8347-A4552D2A1A45}.ReleaseMT|Win32.Build.0 = ReleaseMT|Win32
		{528250D7-DCCB-4039-8347-A4552D2A1A45}.ReleaseMTD|Win32.ActiveCfg = ReleaseMTD|Win32
		{528250D7-DCCB-4039-8347-A4552D2A1A45}.ReleaseMTD|Win32.Build.0 = ReleaseMTD|Win32
		{528250D7-DCCB-4039-8347-A4552D2A1A45}.ReleaseWxMTD|Win32.ActiveCfg = ReleaseWxMTD|Win32
		{528250D7-DCCB-4039-8347-A4552D2A1A45}.ReleaseWxMTD|Win32.Build.0 = ReleaseWxMTD|Win32
		{56F4E5CE-046B-46F7-9909-219D9944AB72}.DebugMT|Win32.ActiveCfg = DebugMT|Win32
		{56F4E5CE-046B-46F7-9909-219D9944AB72}.DebugMT|Win32.Build.0 = DebugMT|Win32
		{56F4E5CE-046B-46F7-9909-219D9944AB72}.DebugMTD|Win32.ActiveCfg = DebugMTD|Win32
		{56F4E5CE-046B-46F7-9909-219D9944AB72}.DebugMTD|Win32.Build.0 = DebugMTD|Win32
		{56F4E5CE-046B-46F7-9909-219D9944AB72}.DebugWxMTD|Win32.ActiveCfg = DebugWxMTD|Win32
		{56F4E5CE-046B-46F7-9909-219D9944AB72}.DebugWxMTD|Win32.Build.0 = DebugWxMTD|Win32
		{56F4E5CE-046B-46F7-9909-219D9944AB72}.ReleaseMT|Win32.ActiveCfg = ReleaseMT|Win32
		{56F4E5CE-046B-46F7-9909-219D9944AB72}.ReleaseMT|Win32.Build.0 = ReleaseMT|Win32
		{56F4E5CE-046B-46F7-9909-219D9944AB72}.ReleaseMTD|Win32.ActiveCfg = ReleaseMTD|Win32
		{56F4E5CE-046B-46F7-9909-219D9944AB72}.ReleaseMTD|Win32.Build.0 = ReleaseMTD|Win32
		{56F4E5CE-046B-46F7-9909-219D9944AB72}.ReleaseWxMTD|Win32.ActiveCfg = ReleaseWxMTD|Win32
		{56F4E5CE-046B-46F7-9909-219D9944AB72}.ReleaseWxMTD|Win32.Build.0 = ReleaseWxMTD|Win32
	EndGlobalSection
	GlobalSection(SolutionProperties) = preSolution
		HideSolutionNode = FALSE
	EndGlobalSection
EndGlobal
